
Microsoft Visual Studio Solution File, Format Version 12.00
# Visual Studio Version 16
VisualStudioVersion = 16.0.30320.27
MinimumVisualStudioVersion = 10.0.40219.1
Project("{FAE04EC0-301F-11D3-BF4B-00C04F79EFBC}") = "WpfGame1", "WpfGame1\WpfGame1.csproj", "{59ED3465-7A7F-49B0-AD30-A2B59471E2EB}"
EndProject
Global
	GlobalSection(SolutionConfigurationPlatforms) = preSolution
		Debug|Any CPU = Debug|Any CPU
		Release|Any CPU = Release|Any CPU
	EndGlobalSection
	GlobalSection(ProjectConfigurationPlatforms) = postSolution
		{59ED3465-7A7F-49B0-AD30-A2B59471E2EB}.Debug|Any CPU.ActiveCfg = Debug|Any CPU
		{59ED3465-7A7F-49B0-AD30-A2B59471E2EB}.Debug|Any CPU.Build.0 = Debug|Any CPU
		{59ED3465-7A7F-49B0-AD30-A2B59471E2EB}.Release|Any CPU.ActiveCfg = Release|Any CPU
		{59ED3465-7A7F-49B0-AD30-A2B59471E2EB}.Release|Any CPU.Build.0 = Release|Any CPU
	EndGlobalSection
	GlobalSection(SolutionProperties) = preSolution
		HideSolutionNode = FALSE
	EndGlobalSection
	GlobalSection(ExtensibilityGlobals) = postSolution
		SolutionGuid = {88BBC92C-474A-4A01-BF46-CC13823D9F2F}
	EndGlobalSection
EndGlobal
